
Microsoft Visual Studio Solution File, Format Version 12.00
# Visual Studio 14
VisualStudioVersion = 14.0.23107.0
MinimumVisualStudioVersion = 10.0.40219.1
Project("{8BC9CEB8-8B4A-11D0-8D11-00A0C91BC942}") = "CaffeineBoostBuild", "CaffeineBoost\A04 - Camera.vcxproj", "{08A11DA8-4582-4AE0-90FE-929F44487E65}"
EndProject
Global
	GlobalSection(SolutionConfigurationPlatforms) = preSolution
		Debug|x86 = Debug|x86
		Release|x86 = Release|x86
	EndGlobalSection
	GlobalSection(ProjectConfigurationPlatforms) = postSolution
		{08A11DA8-4582-4AE0-90FE-929F44487E65}.Debug|x86.ActiveCfg = Debug|Win32
		{08A11DA8-4582-4AE0-90FE-929F44487E65}.Debug|x86.Build.0 = Debug|Win32
		{08A11DA8-4582-4AE0-90FE-929F44487E65}.Release|x86.ActiveCfg = Release|Win32
		{08A11DA8-4582-4AE0-90FE-929F44487E65}.Release|x86.Build.0 = Release|Win32
	EndGlobalSection
	GlobalSection(SolutionProperties) = preSolution
		HideSolutionNode = FALSE
	EndGlobalSection
EndGlobal
